
Microsoft Visual Studio Solution File, Format Version 12.00
# Visual Studio 2012
Project("{FAE04EC0-301F-11D3-BF4B-00C04F79EFBC}") = "Bam", "Bam\Bam.csproj", "{DA07251B-27F8-4962-8593-9955D340E2BF}"
EndProject
Project("{FAE04EC0-301F-11D3-BF4B-00C04F79EFBC}") = "Bam.iOS", "iOS\Bam.iOS.csproj", "{EC4F628A-DE04-4186-A439-90CE2C9B3A9F}"
EndProject
Project("{FAE04EC0-301F-11D3-BF4B-00C04F79EFBC}") = "Bam.Droid", "Droid\Bam.Droid.csproj", "{10ED18B4-BFFC-48C6-9FB8-F53FD8EFB039}"
EndProject
Global
	GlobalSection(SolutionConfigurationPlatforms) = preSolution
		Debug|Any CPU = Debug|Any CPU
		Release|Any CPU = Release|Any CPU
		Debug|iPhoneSimulator = Debug|iPhoneSimulator
		Release|iPhone = Release|iPhone
		Release|iPhoneSimulator = Release|iPhoneSimulator
		Debug|iPhone = Debug|iPhone
	EndGlobalSection
	GlobalSection(ProjectConfigurationPlatforms) = postSolution
		{DA07251B-27F8-4962-8593-9955D340E2BF}.Debug|Any CPU.ActiveCfg = Debug|Any CPU
		{DA07251B-27F8-4962-8593-9955D340E2BF}.Debug|Any CPU.Build.0 = Debug|Any CPU
		{DA07251B-27F8-4962-8593-9955D340E2BF}.Release|Any CPU.ActiveCfg = Release|Any CPU
		{DA07251B-27F8-4962-8593-9955D340E2BF}.Release|Any CPU.Build.0 = Release|Any CPU
		{DA07251B-27F8-4962-8593-9955D340E2BF}.Debug|iPhoneSimulator.ActiveCfg = Debug|Any CPU
		{DA07251B-27F8-4962-8593-9955D340E2BF}.Debug|iPhoneSimulator.Build.0 = Debug|Any CPU
		{DA07251B-27F8-4962-8593-9955D340E2BF}.Release|iPhone.ActiveCfg = Release|Any CPU
		{DA07251B-27F8-4962-8593-9955D340E2BF}.Release|iPhone.Build.0 = Release|Any CPU
		{DA07251B-27F8-4962-8593-9955D340E2BF}.Release|iPhoneSimulator.ActiveCfg = Release|Any CPU
		{DA07251B-27F8-4962-8593-9955D340E2BF}.Release|iPhoneSimulator.Build.0 = Release|Any CPU
		{DA07251B-27F8-4962-8593-9955D340E2BF}.Debug|iPhone.ActiveCfg = Debug|Any CPU
		{DA07251B-27F8-4962-8593-9955D340E2BF}.Debug|iPhone.Build.0 = Debug|Any CPU
		{EC4F628A-DE04-4186-A439-90CE2C9B3A9F}.Debug|Any CPU.ActiveCfg = Debug|iPhoneSimulator
		{EC4F628A-DE04-4186-A439-90CE2C9B3A9F}.Debug|Any CPU.Build.0 = Debug|iPhoneSimulator
		{EC4F628A-DE04-4186-A439-90CE2C9B3A9F}.Release|Any CPU.ActiveCfg = Release|iPhone
		{EC4F628A-DE04-4186-A439-90CE2C9B3A9F}.Release|Any CPU.Build.0 = Release|iPhone
		{EC4F628A-DE04-4186-A439-90CE2C9B3A9F}.Debug|iPhoneSimulator.ActiveCfg = Debug|iPhoneSimulator
		{EC4F628A-DE04-4186-A439-90CE2C9B3A9F}.Debug|iPhoneSimulator.Build.0 = Debug|iPhoneSimulator
		{EC4F628A-DE04-4186-A439-90CE2C9B3A9F}.Release|iPhone.ActiveCfg = Release|iPhone
		{EC4F628A-DE04-4186-A439-90CE2C9B3A9F}.Release|iPhone.Build.0 = Release|iPhone
		{EC4F628A-DE04-4186-A439-90CE2C9B3A9F}.Release|iPhoneSimulator.ActiveCfg = Release|iPhoneSimulator
		{EC4F628A-DE04-4186-A439-90CE2C9B3A9F}.Release|iPhoneSimulator.Build.0 = Release|iPhoneSimulator
		{EC4F628A-DE04-4186-A439-90CE2C9B3A9F}.Debug|iPhone.ActiveCfg = Debug|iPhone
		{EC4F628A-DE04-4186-A439-90CE2C9B3A9F}.Debug|iPhone.Build.0 = Debug|iPhone
		{10ED18B4-BFFC-48C6-9FB8-F53FD8EFB039}.Debug|Any CPU.ActiveCfg = Debug|Any CPU
		{10ED18B4-BFFC-48C6-9FB8-F53FD8EFB039}.Debug|Any CPU.Build.0 = Debug|Any CPU
		{10ED18B4-BFFC-48C6-9FB8-F53FD8EFB039}.Release|Any CPU.ActiveCfg = Release|Any CPU
		{10ED18B4-BFFC-48C6-9FB8-F53FD8EFB039}.Release|Any CPU.Build.0 = Release|Any CPU
		{10ED18B4-BFFC-48C6-9FB8-F53FD8EFB039}.Debug|iPhoneSimulator.ActiveCfg = Debug|Any CPU
		{10ED18B4-BFFC-48C6-9FB8-F53FD8EFB039}.Debug|iPhoneSimulator.Build.0 = Debug|Any CPU
		{10ED18B4-BFFC-48C6-9FB8-F53FD8EFB039}.Release|iPhone.ActiveCfg = Release|Any CPU
		{10ED18B4-BFFC-48C6-9FB8-F53FD8EFB039}.Release|iPhone.Build.0 = Release|Any CPU
		{10ED18B4-BFFC-48C6-9FB8-F53FD8EFB039}.Release|iPhoneSimulator.ActiveCfg = Release|Any CPU
		{10ED18B4-BFFC-48C6-9FB8-F53FD8EFB039}.Release|iPhoneSimulator.Build.0 = Release|Any CPU
		{10ED18B4-BFFC-48C6-9FB8-F53FD8EFB039}.Debug|iPhone.ActiveCfg = Debug|Any CPU
		{10ED18B4-BFFC-48C6-9FB8-F53FD8EFB039}.Debug|iPhone.Build.0 = Debug|Any CPU
	EndGlobalSection
EndGlobal
